
Microsoft Visual Studio Solution File, Format Version 12.00
# Visual Studio Version 17
VisualStudioVersion = 17.13.35825.156 d17.13
MinimumVisualStudioVersion = 10.0.40219.1
Project("{FAE04EC0-301F-11D3-BF4B-00C04F79EFBC}") = "testtttttttt", "testtttttttt\testtttttttt.csproj", "{7FF0A9B0-D7BC-43C0-BBAC-40FD0BDDA010}"
EndProject
Global
	GlobalSection(SolutionConfigurationPlatforms) = preSolution
		Debug|Any CPU = Debug|Any CPU
		Release|Any CPU = Release|Any CPU
	EndGlobalSection
	GlobalSection(ProjectConfigurationPlatforms) = postSolution
		{7FF0A9B0-D7BC-43C0-BBAC-40FD0BDDA010}.Debug|Any CPU.ActiveCfg = Debug|Any CPU
		{7FF0A9B0-D7BC-43C0-BBAC-40FD0BDDA010}.Debug|Any CPU.Build.0 = Debug|Any CPU
		{7FF0A9B0-D7BC-43C0-BBAC-40FD0BDDA010}.Release|Any CPU.ActiveCfg = Release|Any CPU
		{7FF0A9B0-D7BC-43C0-BBAC-40FD0BDDA010}.Release|Any CPU.Build.0 = Release|Any CPU
	EndGlobalSection
	GlobalSection(SolutionProperties) = preSolution
		HideSolutionNode = FALSE
	EndGlobalSection
	GlobalSection(ExtensibilityGlobals) = postSolution
		SolutionGuid = {DDC4B70F-5217-4567-BA6F-42B81DD2F962}
	EndGlobalSection
EndGlobal
